<?xml version="1.0" encoding="utf-8"?>
<Project ToolsVersion="4.0" xmlns="http://schemas.microsoft.com/developer/msbuild/2003">
  <ItemGroup>
    <Filter Include="Source Files">
      <UniqueIdentifier>{4FC737F1-C7A5-4376-A066-2A32D752A2FF}</UniqueIdentifier>
      <Extensions>cpp;c;cc;cxx;def;odl;idl;hpj;bat;asm;asmx</Extensions>
    </Filter>
    <Filter Include="Header Files">
      <UniqueIdentifier>{93995380-89BD-4b04-88EB-625FBE52EBFB}</UniqueIdentifier>
      <Extensions>h;hh;hpp;hxx;hm;inl;inc;ipp;xsd</Extensions>
    </Filter>
    <Filter Include="Resource Files">
      <UniqueIdentifier>{67DA6AB6-F800-4c08-8B7A-83BB121AAD01}</UniqueIdentifier>
      <Extensions>rc;ico;cur;bmp;dlg;rc2;rct;bin;rgs;gif;jpg;jpeg;jpe;resx;tiff;tif;png;wav;mfcribbon-ms</Extensions>
    </Filter>
    <Filter Include="Source Files\Screen">
      <UniqueIdentifier>{adfebe1b-f514-4536-9572-67d659d4c0ae}</UniqueIdentifier>
    </Filter>
    <Filter Include="Source Files\Store">
      <UniqueIdentifier>{c58f77d8-cb29-477e-8607-d4c35057e3d5}</UniqueIdentifier>
    </Filter>
    <Filter Include="Header Files\Store">
      <UniqueIdentifier>{55ba668e-b331-4aff-a51c-8112550e5b29}</UniqueIdentifier>
    </Filter>
    <Filter Include="Header Files\Screen">
      <UniqueIdentifier>{633973bb-021f-40f5-8aa5-4945e97e63f6}</UniqueIdentifier>
    </Filter>
    <Filter Include="Source Files\Component">
      <UniqueIdentifier>{e62e7821-f58d-41e1-b59c-cbb30f53c152}</UniqueIdentifier>
    </Filter>
    <Filter Include="Header Files\Component">
      <UniqueIdentifier>{22db0886-03da-406e-b972-603268d5c21e}</UniqueIdentifier>
    </Filter>
  </ItemGroup>
  <ItemGroup>
    <ClInclude Include="pch.h">
      <Filter>Header Files</Filter>
    </ClInclude>
    <ClInclude Include="appointment.h">
      <Filter>Header Files\Store</Filter>
    </ClInclude>
    <ClInclude Include="workAppointment.h">
      <Filter>Header Files\Store</Filter>
    </ClInclude>
    <ClInclude Include="privateAppointment.h">
      <Filter>Header Files\Store</Filter>
    </ClInclude>
    <ClInclude Include="appointmentAttachment.h">
      <Filter>Header Files\Store</Filter>
    </ClInclude>
    <ClInclude Include="Screen.h">
      <Filter>Header Files\Screen</Filter>
    </ClInclude>
    <ClInclude Include="privateAppointmentList.h">
      <Filter>Header Files\Store</Filter>
    </ClInclude>
    <ClInclude Include="AppointmentsBook.h">
      <Filter>Header Files</Filter>
    </ClInclude>
    <ClInclude Include="workAppointmentList.h">
      <Filter>Header Files\Store</Filter>
    </ClInclude>
    <ClInclude Include="Date.h">
      <Filter>Header Files\Component</Filter>
    </ClInclude>
  </ItemGroup>
  <ItemGroup>
    <ClCompile Include="pch.cpp">
      <Filter>Source Files</Filter>
    </ClCompile>
    <ClCompile Include="AppointmentsBook.cpp">
      <Filter>Source Files</Filter>
    </ClCompile>
    <ClCompile Include="appointment.cpp">
      <Filter>Source Files\Store</Filter>
    </ClCompile>
    <ClCompile Include="workAppointment.cpp">
      <Filter>Source Files\Store</Filter>
    </ClCompile>
    <ClCompile Include="privateAppointment.cpp">
      <Filter>Source Files\Store</Filter>
    </ClCompile>
    <ClCompile Include="appointmentAttachment.cpp">
      <Filter>Source Files\Store</Filter>
    </ClCompile>
    <ClCompile Include="Screen.cpp">
      <Filter>Source Files\Screen</Filter>
    </ClCompile>
    <ClCompile Include="privateAppointmentList.cpp">
      <Filter>Source Files\Store</Filter>
    </ClCompile>
    <ClCompile Include="workAppointmentList.cpp">
      <Filter>Source Files\Store</Filter>
    </ClCompile>
    <ClCompile Include="Date.cpp">
      <Filter>Source Files\Component</Filter>
    </ClCompile>
  </ItemGroup>
</Project>